
Microsoft Visual Studio Solution File, Format Version 12.00
# Visual Studio Version 17
VisualStudioVersion = 17.7.34024.191
MinimumVisualStudioVersion = 10.0.40219.1
Project("{FAE04EC0-301F-11D3-BF4B-00C04F79EFBC}") = "Presentacion", "Presentacion\Presentacion.csproj", "{02AB0356-8CA7-4676-BC01-EBF32155D1C1}"
EndProject
Project("{FAE04EC0-301F-11D3-BF4B-00C04F79EFBC}") = "BLL", "BLL\BLL.csproj", "{58A0144A-78CB-4F91-9C0E-4688AB3BE231}"
EndProject
Project("{FAE04EC0-301F-11D3-BF4B-00C04F79EFBC}") = "DAL", "DAL\DAL.csproj", "{9E29DD5B-FE2A-451B-914A-0F5F1EC77A5E}"
EndProject
Project("{FAE04EC0-301F-11D3-BF4B-00C04F79EFBC}") = "ENTITY", "ENTITY\ENTITY.csproj", "{D548F076-F33C-44D6-A579-8D41A83D70CA}"
EndProject
Project("{FAE04EC0-301F-11D3-BF4B-00C04F79EFBC}") = "Interfaz", "Interfaz\Interfaz.csproj", "{36C3D208-7ABC-4790-9B59-41B58FB4F855}"
EndProject
Global
	GlobalSection(SolutionConfigurationPlatforms) = preSolution
		Debug|Any CPU = Debug|Any CPU
		Release|Any CPU = Release|Any CPU
	EndGlobalSection
	GlobalSection(ProjectConfigurationPlatforms) = postSolution
		{02AB0356-8CA7-4676-BC01-EBF32155D1C1}.Debug|Any CPU.ActiveCfg = Debug|Any CPU
		{02AB0356-8CA7-4676-BC01-EBF32155D1C1}.Debug|Any CPU.Build.0 = Debug|Any CPU
		{02AB0356-8CA7-4676-BC01-EBF32155D1C1}.Release|Any CPU.ActiveCfg = Release|Any CPU
		{02AB0356-8CA7-4676-BC01-EBF32155D1C1}.Release|Any CPU.Build.0 = Release|Any CPU
		{58A0144A-78CB-4F91-9C0E-4688AB3BE231}.Debug|Any CPU.ActiveCfg = Debug|Any CPU
		{58A0144A-78CB-4F91-9C0E-4688AB3BE231}.Debug|Any CPU.Build.0 = Debug|Any CPU
		{58A0144A-78CB-4F91-9C0E-4688AB3BE231}.Release|Any CPU.ActiveCfg = Release|Any CPU
		{58A0144A-78CB-4F91-9C0E-4688AB3BE231}.Release|Any CPU.Build.0 = Release|Any CPU
		{9E29DD5B-FE2A-451B-914A-0F5F1EC77A5E}.Debug|Any CPU.ActiveCfg = Debug|Any CPU
		{9E29DD5B-FE2A-451B-914A-0F5F1EC77A5E}.Debug|Any CPU.Build.0 = Debug|Any CPU
		{9E29DD5B-FE2A-451B-914A-0F5F1EC77A5E}.Release|Any CPU.ActiveCfg = Release|Any CPU
		{9E29DD5B-FE2A-451B-914A-0F5F1EC77A5E}.Release|Any CPU.Build.0 = Release|Any CPU
		{D548F076-F33C-44D6-A579-8D41A83D70CA}.Debug|Any CPU.ActiveCfg = Debug|Any CPU
		{D548F076-F33C-44D6-A579-8D41A83D70CA}.Debug|Any CPU.Build.0 = Debug|Any CPU
		{D548F076-F33C-44D6-A579-8D41A83D70CA}.Release|Any CPU.ActiveCfg = Release|Any CPU
		{D548F076-F33C-44D6-A579-8D41A83D70CA}.Release|Any CPU.Build.0 = Release|Any CPU
		{36C3D208-7ABC-4790-9B59-41B58FB4F855}.Debug|Any CPU.ActiveCfg = Debug|Any CPU
		{36C3D208-7ABC-4790-9B59-41B58FB4F855}.Debug|Any CPU.Build.0 = Debug|Any CPU
		{36C3D208-7ABC-4790-9B59-41B58FB4F855}.Release|Any CPU.ActiveCfg = Release|Any CPU
		{36C3D208-7ABC-4790-9B59-41B58FB4F855}.Release|Any CPU.Build.0 = Release|Any CPU
	EndGlobalSection
	GlobalSection(SolutionProperties) = preSolution
		HideSolutionNode = FALSE
	EndGlobalSection
	GlobalSection(ExtensibilityGlobals) = postSolution
		SolutionGuid = {8786F6F4-C843-4B31-A476-29D2B13C6E29}
	EndGlobalSection
EndGlobal
